// !$*UTF8*$!
{
	archiveVersion = 1;
	classes = {
	};
	objectVersion = 50;
	objects = {

/* Begin PBXBuildFile section */
		8B73D5842471890800252405 /* AppDelegate.swift in Sources */ = {isa = PBXBuildFile; fileRef = 8B73D5832471890800252405 /* AppDelegate.swift */; };
		8B73D5892471890800252405 /* apodidium.xcdatamodeld in Sources */ = {isa = PBXBuildFile; fileRef = 8B73D5872471890800252405 /* apodidium.xcdatamodeld */; };
		8B73D58B2471890900252405 /* Assets.xcassets in Resources */ = {isa = PBXBuildFile; fileRef = 8B73D58A2471890900252405 /* Assets.xcassets */; };
		8B73D58E2471890900252405 /* Main.storyboard in Resources */ = {isa = PBXBuildFile; fileRef = 8B73D58C2471890900252405 /* Main.storyboard */; };
		8B73D59A2471890A00252405 /* apodidiumTests.swift in Sources */ = {isa = PBXBuildFile; fileRef = 8B73D5992471890A00252405 /* apodidiumTests.swift */; };
		8B73D5A52471890A00252405 /* apodidiumUITests.swift in Sources */ = {isa = PBXBuildFile; fileRef = 8B73D5A42471890A00252405 /* apodidiumUITests.swift */; };
		8B73D5B424718BD400252405 /* GameView.swift in Sources */ = {isa = PBXBuildFile; fileRef = 8B73D5B324718BD400252405 /* GameView.swift */; };
		8B73D5B6247192DE00252405 /* Shaders.metal in Sources */ = {isa = PBXBuildFile; fileRef = 8B73D5B5247192DE00252405 /* Shaders.metal */; };
		8B73D5B82471BA8C00252405 /* SizeableProtocol.swift in Sources */ = {isa = PBXBuildFile; fileRef = 8B73D5B72471BA8C00252405 /* SizeableProtocol.swift */; };
		8B73D5BB2471BE1B00252405 /* Vertex.swift in Sources */ = {isa = PBXBuildFile; fileRef = 8B73D5BA2471BE1B00252405 /* Vertex.swift */; };
		8BA45B3024B3B6F700EF55CF /* Engine.swift in Sources */ = {isa = PBXBuildFile; fileRef = 8BA45B2F24B3B6F700EF55CF /* Engine.swift */; };
		8BA45B3224B3B84100EF55CF /* Preferences.swift in Sources */ = {isa = PBXBuildFile; fileRef = 8BA45B3124B3B84100EF55CF /* Preferences.swift */; };
		8BA45B3524B3BBE300EF55CF /* ShaderLibrary.swift in Sources */ = {isa = PBXBuildFile; fileRef = 8BA45B3424B3BBE300EF55CF /* ShaderLibrary.swift */; };
		8BA45B3724B3C0C400EF55CF /* VertexDescriptorLibrary.swift in Sources */ = {isa = PBXBuildFile; fileRef = 8BA45B3624B3C0C400EF55CF /* VertexDescriptorLibrary.swift */; };
		8BA45B3924B3C36A00EF55CF /* RenderPipelineDescriptorLibrary.swift in Sources */ = {isa = PBXBuildFile; fileRef = 8BA45B3824B3C36A00EF55CF /* RenderPipelineDescriptorLibrary.swift */; };
		8BA45B3B24B3C59D00EF55CF /* RenderPipelineStateLibrary.swift in Sources */ = {isa = PBXBuildFile; fileRef = 8BA45B3A24B3C59D00EF55CF /* RenderPipelineStateLibrary.swift */; };
		8BA45B3E24B3C95200EF55CF /* GameObject.swift in Sources */ = {isa = PBXBuildFile; fileRef = 8BA45B3D24B3C95200EF55CF /* GameObject.swift */; };
		8BA45B4124B3CB7D00EF55CF /* Renderer.swift in Sources */ = {isa = PBXBuildFile; fileRef = 8BA45B4024B3CB7D00EF55CF /* Renderer.swift */; };
		8BA45B4324B3CE4B00EF55CF /* MeshLibrary.swift in Sources */ = {isa = PBXBuildFile; fileRef = 8BA45B4224B3CE4B00EF55CF /* MeshLibrary.swift */; };
		8BA45B4624B3D25700EF55CF /* Player.swift in Sources */ = {isa = PBXBuildFile; fileRef = 8BA45B4524B3D25700EF55CF /* Player.swift */; };
		8BA45B4824B3D2DE00EF55CF /* Node.swift in Sources */ = {isa = PBXBuildFile; fileRef = 8BA45B4724B3D2DE00EF55CF /* Node.swift */; };
		8BA45B4B24B3D37300EF55CF /* Renderable.swift in Sources */ = {isa = PBXBuildFile; fileRef = 8BA45B4A24B3D37300EF55CF /* Renderable.swift */; };
/* End PBXBuildFile section */

/* Begin PBXContainerItemProxy section */
		8B73D5962471890A00252405 /* PBXContainerItemProxy */ = {
			isa = PBXContainerItemProxy;
			containerPortal = 8B73D5782471890800252405 /* Project object */;
			proxyType = 1;
			remoteGlobalIDString = 8B73D57F2471890800252405;
			remoteInfo = apodidium;
		};
		8B73D5A12471890A00252405 /* PBXContainerItemProxy */ = {
			isa = PBXContainerItemProxy;
			containerPortal = 8B73D5782471890800252405 /* Project object */;
			proxyType = 1;
			remoteGlobalIDString = 8B73D57F2471890800252405;
			remoteInfo = apodidium;
		};
/* End PBXContainerItemProxy section */

/* Begin PBXFileReference section */
		8B73D5802471890800252405 /* apodidium.app */ = {isa = PBXFileReference; explicitFileType = wrapper.application; includeInIndex = 0; path = apodidium.app; sourceTree = BUILT_PRODUCTS_DIR; };
		8B73D5832471890800252405 /* AppDelegate.swift */ = {isa = PBXFileReference; lastKnownFileType = sourcecode.swift; path = AppDelegate.swift; sourceTree = "<group>"; };
		8B73D5882471890800252405 /* apodidium.xcdatamodel */ = {isa = PBXFileReference; lastKnownFileType = wrapper.xcdatamodel; path = apodidium.xcdatamodel; sourceTree = "<group>"; };
		8B73D58A2471890900252405 /* Assets.xcassets */ = {isa = PBXFileReference; lastKnownFileType = folder.assetcatalog; path = Assets.xcassets; sourceTree = "<group>"; };
		8B73D58D2471890900252405 /* Base */ = {isa = PBXFileReference; lastKnownFileType = file.storyboard; name = Base; path = Base.lproj/Main.storyboard; sourceTree = "<group>"; };
		8B73D58F2471890900252405 /* Info.plist */ = {isa = PBXFileReference; lastKnownFileType = text.plist.xml; path = Info.plist; sourceTree = "<group>"; };
		8B73D5902471890900252405 /* apodidium.entitlements */ = {isa = PBXFileReference; lastKnownFileType = text.plist.entitlements; path = apodidium.entitlements; sourceTree = "<group>"; };
		8B73D5952471890A00252405 /* apodidiumTests.xctest */ = {isa = PBXFileReference; explicitFileType = wrapper.cfbundle; includeInIndex = 0; path = apodidiumTests.xctest; sourceTree = BUILT_PRODUCTS_DIR; };
		8B73D5992471890A00252405 /* apodidiumTests.swift */ = {isa = PBXFileReference; lastKnownFileType = sourcecode.swift; path = apodidiumTests.swift; sourceTree = "<group>"; };
		8B73D59B2471890A00252405 /* Info.plist */ = {isa = PBXFileReference; lastKnownFileType = text.plist.xml; path = Info.plist; sourceTree = "<group>"; };
		8B73D5A02471890A00252405 /* apodidiumUITests.xctest */ = {isa = PBXFileReference; explicitFileType = wrapper.cfbundle; includeInIndex = 0; path = apodidiumUITests.xctest; sourceTree = BUILT_PRODUCTS_DIR; };
		8B73D5A42471890A00252405 /* apodidiumUITests.swift */ = {isa = PBXFileReference; lastKnownFileType = sourcecode.swift; path = apodidiumUITests.swift; sourceTree = "<group>"; };
		8B73D5A62471890A00252405 /* Info.plist */ = {isa = PBXFileReference; lastKnownFileType = text.plist.xml; path = Info.plist; sourceTree = "<group>"; };
		8B73D5B324718BD400252405 /* GameView.swift */ = {isa = PBXFileReference; lastKnownFileType = sourcecode.swift; path = GameView.swift; sourceTree = "<group>"; };
		8B73D5B5247192DE00252405 /* Shaders.metal */ = {isa = PBXFileReference; lastKnownFileType = sourcecode.metal; path = Shaders.metal; sourceTree = "<group>"; };
		8B73D5B72471BA8C00252405 /* SizeableProtocol.swift */ = {isa = PBXFileReference; lastKnownFileType = sourcecode.swift; path = SizeableProtocol.swift; sourceTree = "<group>"; };
		8B73D5BA2471BE1B00252405 /* Vertex.swift */ = {isa = PBXFileReference; lastKnownFileType = sourcecode.swift; path = Vertex.swift; sourceTree = "<group>"; };
		8BA45B2F24B3B6F700EF55CF /* Engine.swift */ = {isa = PBXFileReference; lastKnownFileType = sourcecode.swift; path = Engine.swift; sourceTree = "<group>"; };
		8BA45B3124B3B84100EF55CF /* Preferences.swift */ = {isa = PBXFileReference; lastKnownFileType = sourcecode.swift; path = Preferences.swift; sourceTree = "<group>"; };
		8BA45B3424B3BBE300EF55CF /* ShaderLibrary.swift */ = {isa = PBXFileReference; lastKnownFileType = sourcecode.swift; path = ShaderLibrary.swift; sourceTree = "<group>"; };
		8BA45B3624B3C0C400EF55CF /* VertexDescriptorLibrary.swift */ = {isa = PBXFileReference; lastKnownFileType = sourcecode.swift; path = VertexDescriptorLibrary.swift; sourceTree = "<group>"; };
		8BA45B3824B3C36A00EF55CF /* RenderPipelineDescriptorLibrary.swift */ = {isa = PBXFileReference; lastKnownFileType = sourcecode.swift; path = RenderPipelineDescriptorLibrary.swift; sourceTree = "<group>"; };
		8BA45B3A24B3C59D00EF55CF /* RenderPipelineStateLibrary.swift */ = {isa = PBXFileReference; lastKnownFileType = sourcecode.swift; path = RenderPipelineStateLibrary.swift; sourceTree = "<group>"; };
		8BA45B3D24B3C95200EF55CF /* GameObject.swift */ = {isa = PBXFileReference; lastKnownFileType = sourcecode.swift; path = GameObject.swift; sourceTree = "<group>"; };
		8BA45B4024B3CB7D00EF55CF /* Renderer.swift */ = {isa = PBXFileReference; lastKnownFileType = sourcecode.swift; path = Renderer.swift; sourceTree = "<group>"; };
		8BA45B4224B3CE4B00EF55CF /* MeshLibrary.swift */ = {isa = PBXFileReference; lastKnownFileType = sourcecode.swift; path = MeshLibrary.swift; sourceTree = "<group>"; };
		8BA45B4524B3D25700EF55CF /* Player.swift */ = {isa = PBXFileReference; lastKnownFileType = sourcecode.swift; path = Player.swift; sourceTree = "<group>"; };
		8BA45B4724B3D2DE00EF55CF /* Node.swift */ = {isa = PBXFileReference; lastKnownFileType = sourcecode.swift; path = Node.swift; sourceTree = "<group>"; };
		8BA45B4A24B3D37300EF55CF /* Renderable.swift */ = {isa = PBXFileReference; lastKnownFileType = sourcecode.swift; path = Renderable.swift; sourceTree = "<group>"; };
/* End PBXFileReference section */

/* Begin PBXFrameworksBuildPhase section */
		8B73D57D2471890800252405 /* Frameworks */ = {
			isa = PBXFrameworksBuildPhase;
			buildActionMask = 2147483647;
			files = (
			);
			runOnlyForDeploymentPostprocessing = 0;
		};
		8B73D5922471890A00252405 /* Frameworks */ = {
			isa = PBXFrameworksBuildPhase;
			buildActionMask = 2147483647;
			files = (
			);
			runOnlyForDeploymentPostprocessing = 0;
		};
		8B73D59D2471890A00252405 /* Frameworks */ = {
			isa = PBXFrameworksBuildPhase;
			buildActionMask = 2147483647;
			files = (
			);
			runOnlyForDeploymentPostprocessing = 0;
		};
/* End PBXFrameworksBuildPhase section */

/* Begin PBXGroup section */
		8B73D5772471890800252405 = {
			isa = PBXGroup;
			children = (
				8B73D5822471890800252405 /* apodidium */,
				8B73D5982471890A00252405 /* apodidiumTests */,
				8B73D5A32471890A00252405 /* apodidiumUITests */,
				8B73D5812471890800252405 /* Products */,
			);
			sourceTree = "<group>";
		};
		8B73D5812471890800252405 /* Products */ = {
			isa = PBXGroup;
			children = (
				8B73D5802471890800252405 /* apodidium.app */,
				8B73D5952471890A00252405 /* apodidiumTests.xctest */,
				8B73D5A02471890A00252405 /* apodidiumUITests.xctest */,
			);
			name = Products;
			sourceTree = "<group>";
		};
		8B73D5822471890800252405 /* apodidium */ = {
			isa = PBXGroup;
			children = (
				8BA45B3F24B3CB6B00EF55CF /* Display */,
				8BA45B3C24B3C91E00EF55CF /* GameBasis */,
				8BA45B2E24B3B6E000EF55CF /* Core */,
				8BA45B3324B3BBB800EF55CF /* Libraries */,
				8B73D5BC2471BE2900252405 /* Shaders */,
				8B73D5B92471BDFA00252405 /* SupportProtocols */,
				8B73D5B224718A5A00252405 /* Other */,
			);
			path = apodidium;
			sourceTree = "<group>";
		};
		8B73D5982471890A00252405 /* apodidiumTests */ = {
			isa = PBXGroup;
			children = (
				8B73D5992471890A00252405 /* apodidiumTests.swift */,
				8B73D59B2471890A00252405 /* Info.plist */,
			);
			path = apodidiumTests;
			sourceTree = "<group>";
		};
		8B73D5A32471890A00252405 /* apodidiumUITests */ = {
			isa = PBXGroup;
			children = (
				8B73D5A42471890A00252405 /* apodidiumUITests.swift */,
				8B73D5A62471890A00252405 /* Info.plist */,
			);
			path = apodidiumUITests;
			sourceTree = "<group>";
		};
		8B73D5B224718A5A00252405 /* Other */ = {
			isa = PBXGroup;
			children = (
				8B73D58C2471890900252405 /* Main.storyboard */,
				8B73D5832471890800252405 /* AppDelegate.swift */,
				8B73D58A2471890900252405 /* Assets.xcassets */,
				8B73D58F2471890900252405 /* Info.plist */,
				8B73D5902471890900252405 /* apodidium.entitlements */,
				8B73D5872471890800252405 /* apodidium.xcdatamodeld */,
			);
			path = Other;
			sourceTree = "<group>";
		};
		8B73D5B92471BDFA00252405 /* SupportProtocols */ = {
			isa = PBXGroup;
			children = (
				8B73D5B72471BA8C00252405 /* SizeableProtocol.swift */,
			);
			path = SupportProtocols;
			sourceTree = "<group>";
		};
		8B73D5BC2471BE2900252405 /* Shaders */ = {
			isa = PBXGroup;
			children = (
				8B73D5B5247192DE00252405 /* Shaders.metal */,
			);
			path = Shaders;
			sourceTree = "<group>";
		};
		8BA45B2E24B3B6E000EF55CF /* Core */ = {
			isa = PBXGroup;
			children = (
				8BA45B2F24B3B6F700EF55CF /* Engine.swift */,
				8BA45B3124B3B84100EF55CF /* Preferences.swift */,
				8B73D5BA2471BE1B00252405 /* Vertex.swift */,
			);
			path = Core;
			sourceTree = "<group>";
		};
		8BA45B3324B3BBB800EF55CF /* Libraries */ = {
			isa = PBXGroup;
			children = (
				8BA45B3424B3BBE300EF55CF /* ShaderLibrary.swift */,
				8BA45B3624B3C0C400EF55CF /* VertexDescriptorLibrary.swift */,
				8BA45B3824B3C36A00EF55CF /* RenderPipelineDescriptorLibrary.swift */,
				8BA45B3A24B3C59D00EF55CF /* RenderPipelineStateLibrary.swift */,
				8BA45B4224B3CE4B00EF55CF /* MeshLibrary.swift */,
			);
			path = Libraries;
			sourceTree = "<group>";
		};
		8BA45B3C24B3C91E00EF55CF /* GameBasis */ = {
			isa = PBXGroup;
			children = (
				8BA45B4C24B3D44900EF55CF /* GameObjects */,
				8BA45B4924B3D36200EF55CF /* Protocols */,
				8BA45B4724B3D2DE00EF55CF /* Node.swift */,
			);
			path = GameBasis;
			sourceTree = "<group>";
		};
		8BA45B3F24B3CB6B00EF55CF /* Display */ = {
			isa = PBXGroup;
			children = (
				8B73D5B324718BD400252405 /* GameView.swift */,
				8BA45B4024B3CB7D00EF55CF /* Renderer.swift */,
			);
			path = Display;
			sourceTree = "<group>";
		};
		8BA45B4924B3D36200EF55CF /* Protocols */ = {
			isa = PBXGroup;
			children = (
				8BA45B4A24B3D37300EF55CF /* Renderable.swift */,
			);
			path = Protocols;
			sourceTree = "<group>";
		};
		8BA45B4C24B3D44900EF55CF /* GameObjects */ = {
			isa = PBXGroup;
			children = (
				8BA45B3D24B3C95200EF55CF /* GameObject.swift */,
				8BA45B4524B3D25700EF55CF /* Player.swift */,
			);
			path = GameObjects;
			sourceTree = "<group>";
		};
/* End PBXGroup section */

/* Begin PBXNativeTarget section */
		8B73D57F2471890800252405 /* apodidium */ = {
			isa = PBXNativeTarget;
			buildConfigurationList = 8B73D5A92471890A00252405 /* Build configuration list for PBXNativeTarget "apodidium" */;
			buildPhases = (
				8B73D57C2471890800252405 /* Sources */,
				8B73D57D2471890800252405 /* Frameworks */,
				8B73D57E2471890800252405 /* Resources */,
			);
			buildRules = (
			);
			dependencies = (
			);
			name = apodidium;
			productName = apodidium;
			productReference = 8B73D5802471890800252405 /* apodidium.app */;
			productType = "com.apple.product-type.application";
		};
		8B73D5942471890A00252405 /* apodidiumTests */ = {
			isa = PBXNativeTarget;
			buildConfigurationList = 8B73D5AC2471890A00252405 /* Build configuration list for PBXNativeTarget "apodidiumTests" */;
			buildPhases = (
				8B73D5912471890A00252405 /* Sources */,
				8B73D5922471890A00252405 /* Frameworks */,
				8B73D5932471890A00252405 /* Resources */,
			);
			buildRules = (
			);
			dependencies = (
				8B73D5972471890A00252405 /* PBXTargetDependency */,
			);
			name = apodidiumTests;
			productName = apodidiumTests;
			productReference = 8B73D5952471890A00252405 /* apodidiumTests.xctest */;
			productType = "com.apple.product-type.bundle.unit-test";
		};
		8B73D59F2471890A00252405 /* apodidiumUITests */ = {
			isa = PBXNativeTarget;
			buildConfigurationList = 8B73D5AF2471890A00252405 /* Build configuration list for PBXNativeTarget "apodidiumUITests" */;
			buildPhases = (
				8B73D59C2471890A00252405 /* Sources */,
				8B73D59D2471890A00252405 /* Frameworks */,
				8B73D59E2471890A00252405 /* Resources */,
			);
			buildRules = (
			);
			dependencies = (
				8B73D5A22471890A00252405 /* PBXTargetDependency */,
			);
			name = apodidiumUITests;
			productName = apodidiumUITests;
			productReference = 8B73D5A02471890A00252405 /* apodidiumUITests.xctest */;
			productType = "com.apple.product-type.bundle.ui-testing";
		};
/* End PBXNativeTarget section */

/* Begin PBXProject section */
		8B73D5782471890800252405 /* Project object */ = {
			isa = PBXProject;
			attributes = {
				LastSwiftUpdateCheck = 1140;
				LastUpgradeCheck = 1140;
				ORGANIZATIONNAME = "Jakub Sipika";
				TargetAttributes = {
					8B73D57F2471890800252405 = {
						CreatedOnToolsVersion = 11.4;
					};
					8B73D5942471890A00252405 = {
						CreatedOnToolsVersion = 11.4;
						TestTargetID = 8B73D57F2471890800252405;
					};
					8B73D59F2471890A00252405 = {
						CreatedOnToolsVersion = 11.4;
						TestTargetID = 8B73D57F2471890800252405;
					};
				};
			};
			buildConfigurationList = 8B73D57B2471890800252405 /* Build configuration list for PBXProject "apodidium" */;
			compatibilityVersion = "Xcode 9.3";
			developmentRegion = en;
			hasScannedForEncodings = 0;
			knownRegions = (
				en,
				Base,
			);
			mainGroup = 8B73D5772471890800252405;
			productRefGroup = 8B73D5812471890800252405 /* Products */;
			projectDirPath = "";
			projectRoot = "";
			targets = (
				8B73D57F2471890800252405 /* apodidium */,
				8B73D5942471890A00252405 /* apodidiumTests */,
				8B73D59F2471890A00252405 /* apodidiumUITests */,
			);
		};
/* End PBXProject section */

/* Begin PBXResourcesBuildPhase section */
		8B73D57E2471890800252405 /* Resources */ = {
			isa = PBXResourcesBuildPhase;
			buildActionMask = 2147483647;
			files = (
				8B73D58B2471890900252405 /* Assets.xcassets in Resources */,
				8B73D58E2471890900252405 /* Main.storyboard in Resources */,
			);
			runOnlyForDeploymentPostprocessing = 0;
		};
		8B73D5932471890A00252405 /* Resources */ = {
			isa = PBXResourcesBuildPhase;
			buildActionMask = 2147483647;
			files = (
			);
			runOnlyForDeploymentPostprocessing = 0;
		};
		8B73D59E2471890A00252405 /* Resources */ = {
			isa = PBXResourcesBuildPhase;
			buildActionMask = 2147483647;
			files = (
			);
			runOnlyForDeploymentPostprocessing = 0;
		};
/* End PBXResourcesBuildPhase section */

/* Begin PBXSourcesBuildPhase section */
		8B73D57C2471890800252405 /* Sources */ = {
			isa = PBXSourcesBuildPhase;
			buildActionMask = 2147483647;
			files = (
				8B73D5B6247192DE00252405 /* Shaders.metal in Sources */,
				8BA45B3524B3BBE300EF55CF /* ShaderLibrary.swift in Sources */,
				8BA45B4124B3CB7D00EF55CF /* Renderer.swift in Sources */,
				8BA45B4B24B3D37300EF55CF /* Renderable.swift in Sources */,
				8B73D5892471890800252405 /* apodidium.xcdatamodeld in Sources */,
				8BA45B4624B3D25700EF55CF /* Player.swift in Sources */,
				8B73D5B424718BD400252405 /* GameView.swift in Sources */,
				8BA45B3E24B3C95200EF55CF /* GameObject.swift in Sources */,
				8BA45B4324B3CE4B00EF55CF /* MeshLibrary.swift in Sources */,
				8BA45B3724B3C0C400EF55CF /* VertexDescriptorLibrary.swift in Sources */,
				8B73D5B82471BA8C00252405 /* SizeableProtocol.swift in Sources */,
				8BA45B4824B3D2DE00EF55CF /* Node.swift in Sources */,
				8BA45B3B24B3C59D00EF55CF /* RenderPipelineStateLibrary.swift in Sources */,
				8B73D5842471890800252405 /* AppDelegate.swift in Sources */,
				8B73D5BB2471BE1B00252405 /* Vertex.swift in Sources */,
				8BA45B3224B3B84100EF55CF /* Preferences.swift in Sources */,
				8BA45B3924B3C36A00EF55CF /* RenderPipelineDescriptorLibrary.swift in Sources */,
				8BA45B3024B3B6F700EF55CF /* Engine.swift in Sources */,
			);
			runOnlyForDeploymentPostprocessing = 0;
		};
		8B73D5912471890A00252405 /* Sources */ = {
			isa = PBXSourcesBuildPhase;
			buildActionMask = 2147483647;
			files = (
				8B73D59A2471890A00252405 /* apodidiumTests.swift in Sources */,
			);
			runOnlyForDeploymentPostprocessing = 0;
		};
		8B73D59C2471890A00252405 /* Sources */ = {
			isa = PBXSourcesBuildPhase;
			buildActionMask = 2147483647;
			files = (
				8B73D5A52471890A00252405 /* apodidiumUITests.swift in Sources */,
			);
			runOnlyForDeploymentPostprocessing = 0;
		};
/* End PBXSourcesBuildPhase section */

/* Begin PBXTargetDependency section */
		8B73D5972471890A00252405 /* PBXTargetDependency */ = {
			isa = PBXTargetDependency;
			target = 8B73D57F2471890800252405 /* apodidium */;
			targetProxy = 8B73D5962471890A00252405 /* PBXContainerItemProxy */;
		};
		8B73D5A22471890A00252405 /* PBXTargetDependency */ = {
			isa = PBXTargetDependency;
			target = 8B73D57F2471890800252405 /* apodidium */;
			targetProxy = 8B73D5A12471890A00252405 /* PBXContainerItemProxy */;
		};
/* End PBXTargetDependency section */

/* Begin PBXVariantGroup section */
		8B73D58C2471890900252405 /* Main.storyboard */ = {
			isa = PBXVariantGroup;
			children = (
				8B73D58D2471890900252405 /* Base */,
			);
			name = Main.storyboard;
			sourceTree = "<group>";
		};
/* End PBXVariantGroup section */

/* Begin XCBuildConfiguration section */
		8B73D5A72471890A00252405 /* Debug */ = {
			isa = XCBuildConfiguration;
			buildSettings = {
				ALWAYS_SEARCH_USER_PATHS = NO;
				CLANG_ANALYZER_NONNULL = YES;
				CLANG_ANALYZER_NUMBER_OBJECT_CONVERSION = YES_AGGRESSIVE;
				CLANG_CXX_LANGUAGE_STANDARD = "gnu++14";
				CLANG_CXX_LIBRARY = "libc++";
				CLANG_ENABLE_MODULES = YES;
				CLANG_ENABLE_OBJC_ARC = YES;
				CLANG_ENABLE_OBJC_WEAK = YES;
				CLANG_WARN_BLOCK_CAPTURE_AUTORELEASING = YES;
				CLANG_WARN_BOOL_CONVERSION = YES;
				CLANG_WARN_COMMA = YES;
				CLANG_WARN_CONSTANT_CONVERSION = YES;
				CLANG_WARN_DEPRECATED_OBJC_IMPLEMENTATIONS = YES;
				CLANG_WARN_DIRECT_OBJC_ISA_USAGE = YES_ERROR;
				CLANG_WARN_DOCUMENTATION_COMMENTS = YES;
				CLANG_WARN_EMPTY_BODY = YES;
				CLANG_WARN_ENUM_CONVERSION = YES;
				CLANG_WARN_INFINITE_RECURSION = YES;
				CLANG_WARN_INT_CONVERSION = YES;
				CLANG_WARN_NON_LITERAL_NULL_CONVERSION = YES;
				CLANG_WARN_OBJC_IMPLICIT_RETAIN_SELF = YES;
				CLANG_WARN_OBJC_LITERAL_CONVERSION = YES;
				CLANG_WARN_OBJC_ROOT_CLASS = YES_ERROR;
				CLANG_WARN_RANGE_LOOP_ANALYSIS = YES;
				CLANG_WARN_STRICT_PROTOTYPES = YES;
				CLANG_WARN_SUSPICIOUS_MOVE = YES;
				CLANG_WARN_UNGUARDED_AVAILABILITY = YES_AGGRESSIVE;
				CLANG_WARN_UNREACHABLE_CODE = YES;
				CLANG_WARN__DUPLICATE_METHOD_MATCH = YES;
				COPY_PHASE_STRIP = NO;
				DEBUG_INFORMATION_FORMAT = dwarf;
				ENABLE_STRICT_OBJC_MSGSEND = YES;
				ENABLE_TESTABILITY = YES;
				GCC_C_LANGUAGE_STANDARD = gnu11;
				GCC_DYNAMIC_NO_PIC = NO;
				GCC_NO_COMMON_BLOCKS = YES;
				GCC_OPTIMIZATION_LEVEL = 0;
				GCC_PREPROCESSOR_DEFINITIONS = (
					"DEBUG=1",
					"$(inherited)",
				);
				GCC_WARN_64_TO_32_BIT_CONVERSION = YES;
				GCC_WARN_ABOUT_RETURN_TYPE = YES_ERROR;
				GCC_WARN_UNDECLARED_SELECTOR = YES;
				GCC_WARN_UNINITIALIZED_AUTOS = YES_AGGRESSIVE;
				GCC_WARN_UNUSED_FUNCTION = YES;
				GCC_WARN_UNUSED_VARIABLE = YES;
				MACOSX_DEPLOYMENT_TARGET = 10.15;
				MTL_ENABLE_DEBUG_INFO = INCLUDE_SOURCE;
				MTL_FAST_MATH = YES;
				ONLY_ACTIVE_ARCH = YES;
				SDKROOT = macosx;
				SWIFT_ACTIVE_COMPILATION_CONDITIONS = DEBUG;
				SWIFT_OPTIMIZATION_LEVEL = "-Onone";
			};
			name = Debug;
		};
		8B73D5A82471890A00252405 /* Release */ = {
			isa = XCBuildConfiguration;
			buildSettings = {
				ALWAYS_SEARCH_USER_PATHS = NO;
				CLANG_ANALYZER_NONNULL = YES;
				CLANG_ANALYZER_NUMBER_OBJECT_CONVERSION = YES_AGGRESSIVE;
				CLANG_CXX_LANGUAGE_STANDARD = "gnu++14";
				CLANG_CXX_LIBRARY = "libc++";
				CLANG_ENABLE_MODULES = YES;
				CLANG_ENABLE_OBJC_ARC = YES;
				CLANG_ENABLE_OBJC_WEAK = YES;
				CLANG_WARN_BLOCK_CAPTURE_AUTORELEASING = YES;
				CLANG_WARN_BOOL_CONVERSION = YES;
				CLANG_WARN_COMMA = YES;
				CLANG_WARN_CONSTANT_CONVERSION = YES;
				CLANG_WARN_DEPRECATED_OBJC_IMPLEMENTATIONS = YES;
				CLANG_WARN_DIRECT_OBJC_ISA_USAGE = YES_ERROR;
				CLANG_WARN_DOCUMENTATION_COMMENTS = YES;
				CLANG_WARN_EMPTY_BODY = YES;
				CLANG_WARN_ENUM_CONVERSION = YES;
				CLANG_WARN_INFINITE_RECURSION = YES;
				CLANG_WARN_INT_CONVERSION = YES;
				CLANG_WARN_NON_LITERAL_NULL_CONVERSION = YES;
				CLANG_WARN_OBJC_IMPLICIT_RETAIN_SELF = YES;
				CLANG_WARN_OBJC_LITERAL_CONVERSION = YES;
				CLANG_WARN_OBJC_ROOT_CLASS = YES_ERROR;
				CLANG_WARN_RANGE_LOOP_ANALYSIS = YES;
				CLANG_WARN_STRICT_PROTOTYPES = YES;
				CLANG_WARN_SUSPICIOUS_MOVE = YES;
				CLANG_WARN_UNGUARDED_AVAILABILITY = YES_AGGRESSIVE;
				CLANG_WARN_UNREACHABLE_CODE = YES;
				CLANG_WARN__DUPLICATE_METHOD_MATCH = YES;
				COPY_PHASE_STRIP = NO;
				DEBUG_INFORMATION_FORMAT = "dwarf-with-dsym";
				ENABLE_NS_ASSERTIONS = NO;
				ENABLE_STRICT_OBJC_MSGSEND = YES;
				GCC_C_LANGUAGE_STANDARD = gnu11;
				GCC_NO_COMMON_BLOCKS = YES;
				GCC_WARN_64_TO_32_BIT_CONVERSION = YES;
				GCC_WARN_ABOUT_RETURN_TYPE = YES_ERROR;
				GCC_WARN_UNDECLARED_SELECTOR = YES;
				GCC_WARN_UNINITIALIZED_AUTOS = YES_AGGRESSIVE;
				GCC_WARN_UNUSED_FUNCTION = YES;
				GCC_WARN_UNUSED_VARIABLE = YES;
				MACOSX_DEPLOYMENT_TARGET = 10.15;
				MTL_ENABLE_DEBUG_INFO = NO;
				MTL_FAST_MATH = YES;
				SDKROOT = macosx;
				SWIFT_COMPILATION_MODE = wholemodule;
				SWIFT_OPTIMIZATION_LEVEL = "-O";
			};
			name = Release;
		};
		8B73D5AA2471890A00252405 /* Debug */ = {
			isa = XCBuildConfiguration;
			buildSettings = {
				ASSETCATALOG_COMPILER_APPICON_NAME = AppIcon;
				CODE_SIGN_ENTITLEMENTS = apodidium/other/apodidium.entitlements;
				CODE_SIGN_STYLE = Automatic;
				COMBINE_HIDPI_IMAGES = YES;
				DEVELOPMENT_TEAM = LRBQYR5Z4N;
				ENABLE_HARDENED_RUNTIME = YES;
				INFOPLIST_FILE = apodidium/other/Info.plist;
				LD_RUNPATH_SEARCH_PATHS = (
					"$(inherited)",
					"@executable_path/../Frameworks",
				);
				PRODUCT_BUNDLE_IDENTIFIER = jakubsipika.apodidium;
				PRODUCT_NAME = "$(TARGET_NAME)";
				SWIFT_VERSION = 5.0;
			};
			name = Debug;
		};
		8B73D5AB2471890A00252405 /* Release */ = {
			isa = XCBuildConfiguration;
			buildSettings = {
				ASSETCATALOG_COMPILER_APPICON_NAME = AppIcon;
				CODE_SIGN_ENTITLEMENTS = apodidium/other/apodidium.entitlements;
				CODE_SIGN_STYLE = Automatic;
				COMBINE_HIDPI_IMAGES = YES;
				DEVELOPMENT_TEAM = LRBQYR5Z4N;
				ENABLE_HARDENED_RUNTIME = YES;
				INFOPLIST_FILE = apodidium/other/Info.plist;
				LD_RUNPATH_SEARCH_PATHS = (
					"$(inherited)",
					"@executable_path/../Frameworks",
				);
				PRODUCT_BUNDLE_IDENTIFIER = jakubsipika.apodidium;
				PRODUCT_NAME = "$(TARGET_NAME)";
				SWIFT_VERSION = 5.0;
			};
			name = Release;
		};
		8B73D5AD2471890A00252405 /* Debug */ = {
			isa = XCBuildConfiguration;
			buildSettings = {
				ALWAYS_EMBED_SWIFT_STANDARD_LIBRARIES = YES;
				BUNDLE_LOADER = "$(TEST_HOST)";
				CODE_SIGN_STYLE = Automatic;
				COMBINE_HIDPI_IMAGES = YES;
				DEVELOPMENT_TEAM = LRBQYR5Z4N;
				INFOPLIST_FILE = apodidiumTests/Info.plist;
				LD_RUNPATH_SEARCH_PATHS = (
					"$(inherited)",
					"@executable_path/../Frameworks",
					"@loader_path/../Frameworks",
				);
				MACOSX_DEPLOYMENT_TARGET = 10.15;
				PRODUCT_BUNDLE_IDENTIFIER = jakubsipika.apodidiumTests;
				PRODUCT_NAME = "$(TARGET_NAME)";
				SWIFT_VERSION = 5.0;
				TEST_HOST = "$(BUILT_PRODUCTS_DIR)/apodidium.app/Contents/MacOS/apodidium";
			};
			name = Debug;
		};
		8B73D5AE2471890A00252405 /* Release */ = {
			isa = XCBuildConfiguration;
			buildSettings = {
				ALWAYS_EMBED_SWIFT_STANDARD_LIBRARIES = YES;
				BUNDLE_LOADER = "$(TEST_HOST)";
				CODE_SIGN_STYLE = Automatic;
				COMBINE_HIDPI_IMAGES = YES;
				DEVELOPMENT_TEAM = LRBQYR5Z4N;
				INFOPLIST_FILE = apodidiumTests/Info.plist;
				LD_RUNPATH_SEARCH_PATHS = (
					"$(inherited)",
					"@executable_path/../Frameworks",
					"@loader_path/../Frameworks",
				);
				MACOSX_DEPLOYMENT_TARGET = 10.15;
				PRODUCT_BUNDLE_IDENTIFIER = jakubsipika.apodidiumTests;
				PRODUCT_NAME = "$(TARGET_NAME)";
				SWIFT_VERSION = 5.0;
				TEST_HOST = "$(BUILT_PRODUCTS_DIR)/apodidium.app/Contents/MacOS/apodidium";
			};
			name = Release;
		};
		8B73D5B02471890A00252405 /* Debug */ = {
			isa = XCBuildConfiguration;
			buildSettings = {
				ALWAYS_EMBED_SWIFT_STANDARD_LIBRARIES = YES;
				CODE_SIGN_STYLE = Automatic;
				COMBINE_HIDPI_IMAGES = YES;
				DEVELOPMENT_TEAM = LRBQYR5Z4N;
				INFOPLIST_FILE = apodidiumUITests/Info.plist;
				LD_RUNPATH_SEARCH_PATHS = (
					"$(inherited)",
					"@executable_path/../Frameworks",
					"@loader_path/../Frameworks",
				);
				PRODUCT_BUNDLE_IDENTIFIER = jakubsipika.apodidiumUITests;
				PRODUCT_NAME = "$(TARGET_NAME)";
				SWIFT_VERSION = 5.0;
				TEST_TARGET_NAME = apodidium;
			};
			name = Debug;
		};
		8B73D5B12471890A00252405 /* Release */ = {
			isa = XCBuildConfiguration;
			buildSettings = {
				ALWAYS_EMBED_SWIFT_STANDARD_LIBRARIES = YES;
				CODE_SIGN_STYLE = Automatic;
				COMBINE_HIDPI_IMAGES = YES;
				DEVELOPMENT_TEAM = LRBQYR5Z4N;
				INFOPLIST_FILE = apodidiumUITests/Info.plist;
				LD_RUNPATH_SEARCH_PATHS = (
					"$(inherited)",
					"@executable_path/../Frameworks",
					"@loader_path/../Frameworks",
				);
				PRODUCT_BUNDLE_IDENTIFIER = jakubsipika.apodidiumUITests;
				PRODUCT_NAME = "$(TARGET_NAME)";
				SWIFT_VERSION = 5.0;
				TEST_TARGET_NAME = apodidium;
			};
			name = Release;
		};
/* End XCBuildConfiguration section */

/* Begin XCConfigurationList section */
		8B73D57B2471890800252405 /* Build configuration list for PBXProject "apodidium" */ = {
			isa = XCConfigurationList;
			buildConfigurations = (
				8B73D5A72471890A00252405 /* Debug */,
				8B73D5A82471890A00252405 /* Release */,
			);
			defaultConfigurationIsVisible = 0;
			defaultConfigurationName = Release;
		};
		8B73D5A92471890A00252405 /* Build configuration list for PBXNativeTarget "apodidium" */ = {
			isa = XCConfigurationList;
			buildConfigurations = (
				8B73D5AA2471890A00252405 /* Debug */,
				8B73D5AB2471890A00252405 /* Release */,
			);
			defaultConfigurationIsVisible = 0;
			defaultConfigurationName = Release;
		};
		8B73D5AC2471890A00252405 /* Build configuration list for PBXNativeTarget "apodidiumTests" */ = {
			isa = XCConfigurationList;
			buildConfigurations = (
				8B73D5AD2471890A00252405 /* Debug */,
				8B73D5AE2471890A00252405 /* Release */,
			);
			defaultConfigurationIsVisible = 0;
			defaultConfigurationName = Release;
		};
		8B73D5AF2471890A00252405 /* Build configuration list for PBXNativeTarget "apodidiumUITests" */ = {
			isa = XCConfigurationList;
			buildConfigurations = (
				8B73D5B02471890A00252405 /* Debug */,
				8B73D5B12471890A00252405 /* Release */,
			);
			defaultConfigurationIsVisible = 0;
			defaultConfigurationName = Release;
		};
/* End XCConfigurationList section */

/* Begin XCVersionGroup section */
		8B73D5872471890800252405 /* apodidium.xcdatamodeld */ = {
			isa = XCVersionGroup;
			children = (
				8B73D5882471890800252405 /* apodidium.xcdatamodel */,
			);
			currentVersion = 8B73D5882471890800252405 /* apodidium.xcdatamodel */;
			path = apodidium.xcdatamodeld;
			sourceTree = "<group>";
			versionGroupType = wrapper.xcdatamodel;
		};
/* End XCVersionGroup section */
	};
	rootObject = 8B73D5782471890800252405 /* Project object */;
}
